
Microsoft Visual Studio Solution File, Format Version 12.00
# Visual Studio Version 16
VisualStudioVersion = 16.0.31515.178
MinimumVisualStudioVersion = 10.0.40219.1
Project("{FAE04EC0-301F-11D3-BF4B-00C04F79EFBC}") = "Bloody7Crack", "Bloody7Crack\Bloody7Crack.csproj", "{8F814D44-0F70-4A24-A88E-F600933D1DD6}"
EndProject
Global
	GlobalSection(SolutionConfigurationPlatforms) = preSolution
		Debug|Any CPU = Debug|Any CPU
		Release|Any CPU = Release|Any CPU
	EndGlobalSection
	GlobalSection(ProjectConfigurationPlatforms) = postSolution
		{8F814D44-0F70-4A24-A88E-F600933D1DD6}.Debug|Any CPU.ActiveCfg = Debug|Any CPU
		{8F814D44-0F70-4A24-A88E-F600933D1DD6}.Debug|Any CPU.Build.0 = Debug|Any CPU
		{8F814D44-0F70-4A24-A88E-F600933D1DD6}.Release|Any CPU.ActiveCfg = Release|Any CPU
		{8F814D44-0F70-4A24-A88E-F600933D1DD6}.Release|Any CPU.Build.0 = Release|Any CPU
	EndGlobalSection
	GlobalSection(SolutionProperties) = preSolution
		HideSolutionNode = FALSE
	EndGlobalSection
	GlobalSection(ExtensibilityGlobals) = postSolution
		SolutionGuid = {CB5267EC-FD24-4B11-97B0-4DEB5169D1DB}
	EndGlobalSection
EndGlobal
